
Microsoft Visual Studio Solution File, Format Version 12.00
# Visual Studio Version 17
VisualStudioVersion = 17.1.32414.318
MinimumVisualStudioVersion = 10.0.40219.1
Project("{FAE04EC0-301F-11D3-BF4B-00C04F79EFBC}") = "Calendarium", "Calendarium\Calendarium.csproj", "{E646145B-E970-419C-AEF4-FBA759C66D64}"
EndProject
Global
	GlobalSection(SolutionConfigurationPlatforms) = preSolution
		Debug|Any CPU = Debug|Any CPU
		Release|Any CPU = Release|Any CPU
	EndGlobalSection
	GlobalSection(ProjectConfigurationPlatforms) = postSolution
		{E646145B-E970-419C-AEF4-FBA759C66D64}.Debug|Any CPU.ActiveCfg = Debug|Any CPU
		{E646145B-E970-419C-AEF4-FBA759C66D64}.Debug|Any CPU.Build.0 = Debug|Any CPU
		{E646145B-E970-419C-AEF4-FBA759C66D64}.Release|Any CPU.ActiveCfg = Release|Any CPU
		{E646145B-E970-419C-AEF4-FBA759C66D64}.Release|Any CPU.Build.0 = Release|Any CPU
	EndGlobalSection
	GlobalSection(SolutionProperties) = preSolution
		HideSolutionNode = FALSE
	EndGlobalSection
	GlobalSection(ExtensibilityGlobals) = postSolution
		SolutionGuid = {8D9CDBDA-EF13-4816-8C62-EE62E1181EEF}
	EndGlobalSection
EndGlobal
